PODS:
  - Flutter (1.0.0)
  - opencv2 (4.10.0)

DEPENDENCIES:
  - Flutter (from `Flutter`)
  - opencv2 (from `OpenCVLocal`)

EXTERNAL SOURCES:
  Flutter:
    :path: Flutter
  opencv2:
    :path: OpenCVLocal

SPEC CHECKSUMS:
  Flutter: cabc95a1d2626b1b06e7179b784ebcf0c0cde467
  opencv2: 02992117e09d1c3a5a90e91f1edcf0209fb6cc5e

PODFILE CHECKSUM: 87de2bb700dab76d27121daa508c6fa1585a40c7

COCOAPODS: 1.16.2
